
Microsoft Visual Studio Solution File, Format Version 12.00
# Visual Studio Version 17
VisualStudioVersion = 17.5.33530.505
MinimumVisualStudioVersion = 10.0.40219.1
Project("{FAE04EC0-301F-11D3-BF4B-00C04F79EFBC}") = "conexionDB", "conexionDB\conexionDB.csproj", "{3E5A2847-8954-4718-A861-C869DD189E94}"
EndProject
Project("{FAE04EC0-301F-11D3-BF4B-00C04F79EFBC}") = "dominio", "dominio\dominio.csproj", "{9C479A12-5EAD-4213-9D60-4126C6B0594C}"
EndProject
Project("{FAE04EC0-301F-11D3-BF4B-00C04F79EFBC}") = "negocio", "negocio\negocio.csproj", "{6C8DD79B-EE2D-434E-A15C-6CB99374D30D}"
EndProject
Global
	GlobalSection(SolutionConfigurationPlatforms) = preSolution
		Debug|Any CPU = Debug|Any CPU
		Release|Any CPU = Release|Any CPU
	EndGlobalSection
	GlobalSection(ProjectConfigurationPlatforms) = postSolution
		{3E5A2847-8954-4718-A861-C869DD189E94}.Debug|Any CPU.ActiveCfg = Debug|Any CPU
		{3E5A2847-8954-4718-A861-C869DD189E94}.Debug|Any CPU.Build.0 = Debug|Any CPU
		{3E5A2847-8954-4718-A861-C869DD189E94}.Release|Any CPU.ActiveCfg = Release|Any CPU
		{3E5A2847-8954-4718-A861-C869DD189E94}.Release|Any CPU.Build.0 = Release|Any CPU
		{9C479A12-5EAD-4213-9D60-4126C6B0594C}.Debug|Any CPU.ActiveCfg = Debug|Any CPU
		{9C479A12-5EAD-4213-9D60-4126C6B0594C}.Debug|Any CPU.Build.0 = Debug|Any CPU
		{9C479A12-5EAD-4213-9D60-4126C6B0594C}.Release|Any CPU.ActiveCfg = Release|Any CPU
		{9C479A12-5EAD-4213-9D60-4126C6B0594C}.Release|Any CPU.Build.0 = Release|Any CPU
		{6C8DD79B-EE2D-434E-A15C-6CB99374D30D}.Debug|Any CPU.ActiveCfg = Debug|Any CPU
		{6C8DD79B-EE2D-434E-A15C-6CB99374D30D}.Debug|Any CPU.Build.0 = Debug|Any CPU
		{6C8DD79B-EE2D-434E-A15C-6CB99374D30D}.Release|Any CPU.ActiveCfg = Release|Any CPU
		{6C8DD79B-EE2D-434E-A15C-6CB99374D30D}.Release|Any CPU.Build.0 = Release|Any CPU
	EndGlobalSection
	GlobalSection(SolutionProperties) = preSolution
		HideSolutionNode = FALSE
	EndGlobalSection
	GlobalSection(ExtensibilityGlobals) = postSolution
		SolutionGuid = {5EBC85E7-3314-4B06-9ECF-24C7933FBA30}
	EndGlobalSection
EndGlobal
